// !$*UTF8*$!
{
	archiveVersion = 1;
	classes = {
	};
	objectVersion = 56;
	objects = {

/* Begin PBXBuildFile section */
		C3C4034629FD18FA00ABED2D /* AppDelegate.swift in Sources */ = {isa = PBXBuildFile; fileRef = C3C4034529FD18FA00ABED2D /* AppDelegate.swift */; };
		C3C4034829FD18FA00ABED2D /* SceneDelegate.swift in Sources */ = {isa = PBXBuildFile; fileRef = C3C4034729FD18FA00ABED2D /* SceneDelegate.swift */; };
		C3C4034A29FD18FA00ABED2D /* ViewController.swift in Sources */ = {isa = PBXBuildFile; fileRef = C3C4034929FD18FA00ABED2D /* ViewController.swift */; };
		C3C4034F29FD18FB00ABED2D /* Assets.xcassets in Resources */ = {isa = PBXBuildFile; fileRef = C3C4034E29FD18FB00ABED2D /* Assets.xcassets */; };
		C3C4035229FD18FB00ABED2D /* LaunchScreen.storyboard in Resources */ = {isa = PBXBuildFile; fileRef = C3C4035029FD18FB00ABED2D /* LaunchScreen.storyboard */; };
		C3C4036929FD627200ABED2D /* Number+Helpers.swift in Sources */ = {isa = PBXBuildFile; fileRef = C3C4036829FD627200ABED2D /* Number+Helpers.swift */; };
		C3C4037129FD701A00ABED2D /* CGSize + Helpers.swift in Sources */ = {isa = PBXBuildFile; fileRef = C3C4036E29FD701A00ABED2D /* CGSize + Helpers.swift */; };
		C3C4037229FD701A00ABED2D /* CGPoint + Helpers.swift in Sources */ = {isa = PBXBuildFile; fileRef = C3C4036F29FD701A00ABED2D /* CGPoint + Helpers.swift */; };
		C3C4037329FD701A00ABED2D /* CGRect + Helpers.swift in Sources */ = {isa = PBXBuildFile; fileRef = C3C4037029FD701A00ABED2D /* CGRect + Helpers.swift */; };
		C3C4037529FD8F6C00ABED2D /* UIColor + Utils.swift in Sources */ = {isa = PBXBuildFile; fileRef = C3C4037429FD8F6C00ABED2D /* UIColor + Utils.swift */; };
		C3FF7D472A2E7678005F8ACB /* Shader.metal in Sources */ = {isa = PBXBuildFile; fileRef = C3FF7D452A2E7678005F8ACB /* Shader.metal */; };
		C3FF7D482A2E7678005F8ACB /* DrawingGestureRecognizer.swift in Sources */ = {isa = PBXBuildFile; fileRef = C3FF7D462A2E7678005F8ACB /* DrawingGestureRecognizer.swift */; };
/* End PBXBuildFile section */

/* Begin PBXFileReference section */
		C3C4034229FD18FA00ABED2D /* Draw App.app */ = {isa = PBXFileReference; explicitFileType = wrapper.application; includeInIndex = 0; path = "Draw App.app"; sourceTree = BUILT_PRODUCTS_DIR; };
		C3C4034529FD18FA00ABED2D /* AppDelegate.swift */ = {isa = PBXFileReference; lastKnownFileType = sourcecode.swift; path = AppDelegate.swift; sourceTree = "<group>"; };
		C3C4034729FD18FA00ABED2D /* SceneDelegate.swift */ = {isa = PBXFileReference; lastKnownFileType = sourcecode.swift; path = SceneDelegate.swift; sourceTree = "<group>"; };
		C3C4034929FD18FA00ABED2D /* ViewController.swift */ = {isa = PBXFileReference; lastKnownFileType = sourcecode.swift; path = ViewController.swift; sourceTree = "<group>"; };
		C3C4034E29FD18FB00ABED2D /* Assets.xcassets */ = {isa = PBXFileReference; lastKnownFileType = folder.assetcatalog; path = Assets.xcassets; sourceTree = "<group>"; };
		C3C4035129FD18FB00ABED2D /* Base */ = {isa = PBXFileReference; lastKnownFileType = file.storyboard; name = Base; path = Base.lproj/LaunchScreen.storyboard; sourceTree = "<group>"; };
		C3C4035329FD18FB00ABED2D /* Info.plist */ = {isa = PBXFileReference; lastKnownFileType = text.plist.xml; path = Info.plist; sourceTree = "<group>"; };
		C3C4036029FD2DA000ABED2D /* DrawingApp-BridgingHeader.h */ = {isa = PBXFileReference; lastKnownFileType = sourcecode.c.h; path = "DrawingApp-BridgingHeader.h"; sourceTree = "<group>"; };
		C3C4036829FD627200ABED2D /* Number+Helpers.swift */ = {isa = PBXFileReference; fileEncoding = 4; lastKnownFileType = sourcecode.swift; path = "Number+Helpers.swift"; sourceTree = "<group>"; };
		C3C4036E29FD701A00ABED2D /* CGSize + Helpers.swift */ = {isa = PBXFileReference; fileEncoding = 4; lastKnownFileType = sourcecode.swift; path = "CGSize + Helpers.swift"; sourceTree = "<group>"; };
		C3C4036F29FD701A00ABED2D /* CGPoint + Helpers.swift */ = {isa = PBXFileReference; fileEncoding = 4; lastKnownFileType = sourcecode.swift; path = "CGPoint + Helpers.swift"; sourceTree = "<group>"; };
		C3C4037029FD701A00ABED2D /* CGRect + Helpers.swift */ = {isa = PBXFileReference; fileEncoding = 4; lastKnownFileType = sourcecode.swift; path = "CGRect + Helpers.swift"; sourceTree = "<group>"; };
		C3C4037429FD8F6C00ABED2D /* UIColor + Utils.swift */ = {isa = PBXFileReference; fileEncoding = 4; lastKnownFileType = sourcecode.swift; path = "UIColor + Utils.swift"; sourceTree = "<group>"; };
		C3FF7D452A2E7678005F8ACB /* Shader.metal */ = {isa = PBXFileReference; fileEncoding = 4; lastKnownFileType = sourcecode.metal; path = Shader.metal; sourceTree = "<group>"; };
		C3FF7D462A2E7678005F8ACB /* DrawingGestureRecognizer.swift */ = {isa = PBXFileReference; fileEncoding = 4; lastKnownFileType = sourcecode.swift; path = DrawingGestureRecognizer.swift; sourceTree = "<group>"; };
/* End PBXFileReference section */

/* Begin PBXFrameworksBuildPhase section */
		C3C4033F29FD18FA00ABED2D /* Frameworks */ = {
			isa = PBXFrameworksBuildPhase;
			buildActionMask = 2147483647;
			files = (
			);
			runOnlyForDeploymentPostprocessing = 0;
		};
/* End PBXFrameworksBuildPhase section */

/* Begin PBXGroup section */
		C3C4033929FD18FA00ABED2D = {
			isa = PBXGroup;
			children = (
				C3C4034429FD18FA00ABED2D /* Draw App */,
				C3C4034329FD18FA00ABED2D /* Products */,
			);
			sourceTree = "<group>";
		};
		C3C4034329FD18FA00ABED2D /* Products */ = {
			isa = PBXGroup;
			children = (
				C3C4034229FD18FA00ABED2D /* Draw App.app */,
			);
			name = Products;
			sourceTree = "<group>";
		};
		C3C4034429FD18FA00ABED2D /* Draw App */ = {
			isa = PBXGroup;
			children = (
				C3C4036729FD624400ABED2D /* Extensions */,
				C3C4034929FD18FA00ABED2D /* ViewController.swift */,
				C3FF7D442A2E7678005F8ACB /* Drawing */,
				C3C4036229FD602A00ABED2D /* Supporting Files */,
			);
			path = "Draw App";
			sourceTree = "<group>";
		};
		C3C4036229FD602A00ABED2D /* Supporting Files */ = {
			isa = PBXGroup;
			children = (
				C3C4034529FD18FA00ABED2D /* AppDelegate.swift */,
				C3C4034729FD18FA00ABED2D /* SceneDelegate.swift */,
				C3C4036029FD2DA000ABED2D /* DrawingApp-BridgingHeader.h */,
				C3C4034E29FD18FB00ABED2D /* Assets.xcassets */,
				C3C4035029FD18FB00ABED2D /* LaunchScreen.storyboard */,
				C3C4035329FD18FB00ABED2D /* Info.plist */,
			);
			path = "Supporting Files";
			sourceTree = "<group>";
		};
		C3C4036729FD624400ABED2D /* Extensions */ = {
			isa = PBXGroup;
			children = (
				C3C4036829FD627200ABED2D /* Number+Helpers.swift */,
				C3C4036F29FD701A00ABED2D /* CGPoint + Helpers.swift */,
				C3C4037029FD701A00ABED2D /* CGRect + Helpers.swift */,
				C3C4036E29FD701A00ABED2D /* CGSize + Helpers.swift */,
				C3C4037429FD8F6C00ABED2D /* UIColor + Utils.swift */,
			);
			path = Extensions;
			sourceTree = "<group>";
		};
		C3FF7D442A2E7678005F8ACB /* Drawing */ = {
			isa = PBXGroup;
			children = (
				C3FF7D462A2E7678005F8ACB /* DrawingGestureRecognizer.swift */,
				C3FF7D452A2E7678005F8ACB /* Shader.metal */,
			);
			path = Drawing;
			sourceTree = "<group>";
		};
/* End PBXGroup section */

/* Begin PBXNativeTarget section */
		C3C4034129FD18FA00ABED2D /* Draw App */ = {
			isa = PBXNativeTarget;
			buildConfigurationList = C3C4035629FD18FB00ABED2D /* Build configuration list for PBXNativeTarget "Draw App" */;
			buildPhases = (
				C3C4033E29FD18FA00ABED2D /* Sources */,
				C3C4033F29FD18FA00ABED2D /* Frameworks */,
				C3C4034029FD18FA00ABED2D /* Resources */,
			);
			buildRules = (
			);
			dependencies = (
			);
			name = "Draw App";
			productName = "Draw App";
			productReference = C3C4034229FD18FA00ABED2D /* Draw App.app */;
			productType = "com.apple.product-type.application";
		};
/* End PBXNativeTarget section */

/* Begin PBXProject section */
		C3C4033A29FD18FA00ABED2D /* Project object */ = {
			isa = PBXProject;
			attributes = {
				BuildIndependentTargetsInParallel = 1;
				LastSwiftUpdateCheck = 1420;
				LastUpgradeCheck = 1420;
				TargetAttributes = {
					C3C4034129FD18FA00ABED2D = {
						CreatedOnToolsVersion = 14.2;
					};
				};
			};
			buildConfigurationList = C3C4033D29FD18FA00ABED2D /* Build configuration list for PBXProject "Draw App" */;
			compatibilityVersion = "Xcode 14.0";
			developmentRegion = en;
			hasScannedForEncodings = 0;
			knownRegions = (
				en,
				Base,
			);
			mainGroup = C3C4033929FD18FA00ABED2D;
			productRefGroup = C3C4034329FD18FA00ABED2D /* Products */;
			projectDirPath = "";
			projectRoot = "";
			targets = (
				C3C4034129FD18FA00ABED2D /* Draw App */,
			);
		};
/* End PBXProject section */

/* Begin PBXResourcesBuildPhase section */
		C3C4034029FD18FA00ABED2D /* Resources */ = {
			isa = PBXResourcesBuildPhase;
			buildActionMask = 2147483647;
			files = (
				C3C4035229FD18FB00ABED2D /* LaunchScreen.storyboard in Resources */,
				C3C4034F29FD18FB00ABED2D /* Assets.xcassets in Resources */,
			);
			runOnlyForDeploymentPostprocessing = 0;
		};
/* End PBXResourcesBuildPhase section */

/* Begin PBXSourcesBuildPhase section */
		C3C4033E29FD18FA00ABED2D /* Sources */ = {
			isa = PBXSourcesBuildPhase;
			buildActionMask = 2147483647;
			files = (
				C3C4037329FD701A00ABED2D /* CGRect + Helpers.swift in Sources */,
				C3C4034A29FD18FA00ABED2D /* ViewController.swift in Sources */,
				C3C4034629FD18FA00ABED2D /* AppDelegate.swift in Sources */,
				C3FF7D472A2E7678005F8ACB /* Shader.metal in Sources */,
				C3C4037529FD8F6C00ABED2D /* UIColor + Utils.swift in Sources */,
				C3C4037229FD701A00ABED2D /* CGPoint + Helpers.swift in Sources */,
				C3FF7D482A2E7678005F8ACB /* DrawingGestureRecognizer.swift in Sources */,
				C3C4034829FD18FA00ABED2D /* SceneDelegate.swift in Sources */,
				C3C4037129FD701A00ABED2D /* CGSize + Helpers.swift in Sources */,
				C3C4036929FD627200ABED2D /* Number+Helpers.swift in Sources */,
			);
			runOnlyForDeploymentPostprocessing = 0;
		};
/* End PBXSourcesBuildPhase section */

/* Begin PBXVariantGroup section */
		C3C4035029FD18FB00ABED2D /* LaunchScreen.storyboard */ = {
			isa = PBXVariantGroup;
			children = (
				C3C4035129FD18FB00ABED2D /* Base */,
			);
			name = LaunchScreen.storyboard;
			sourceTree = "<group>";
		};
/* End PBXVariantGroup section */

/* Begin XCBuildConfiguration section */
		C3C4035429FD18FB00ABED2D /* Debug */ = {
			isa = XCBuildConfiguration;
			buildSettings = {
				ALWAYS_SEARCH_USER_PATHS = NO;
				CLANG_ANALYZER_NONNULL = YES;
				CLANG_ANALYZER_NUMBER_OBJECT_CONVERSION = YES_AGGRESSIVE;
				CLANG_CXX_LANGUAGE_STANDARD = "gnu++20";
				CLANG_ENABLE_MODULES = YES;
				CLANG_ENABLE_OBJC_ARC = YES;
				CLANG_ENABLE_OBJC_WEAK = YES;
				CLANG_WARN_BLOCK_CAPTURE_AUTORELEASING = YES;
				CLANG_WARN_BOOL_CONVERSION = YES;
				CLANG_WARN_COMMA = YES;
				CLANG_WARN_CONSTANT_CONVERSION = YES;
				CLANG_WARN_DEPRECATED_OBJC_IMPLEMENTATIONS = YES;
				CLANG_WARN_DIRECT_OBJC_ISA_USAGE = YES_ERROR;
				CLANG_WARN_DOCUMENTATION_COMMENTS = YES;
				CLANG_WARN_EMPTY_BODY = YES;
				CLANG_WARN_ENUM_CONVERSION = YES;
				CLANG_WARN_INFINITE_RECURSION = YES;
				CLANG_WARN_INT_CONVERSION = YES;
				CLANG_WARN_NON_LITERAL_NULL_CONVERSION = YES;
				CLANG_WARN_OBJC_IMPLICIT_RETAIN_SELF = YES;
				CLANG_WARN_OBJC_LITERAL_CONVERSION = YES;
				CLANG_WARN_OBJC_ROOT_CLASS = YES_ERROR;
				CLANG_WARN_QUOTED_INCLUDE_IN_FRAMEWORK_HEADER = YES;
				CLANG_WARN_RANGE_LOOP_ANALYSIS = YES;
				CLANG_WARN_STRICT_PROTOTYPES = YES;
				CLANG_WARN_SUSPICIOUS_MOVE = YES;
				CLANG_WARN_UNGUARDED_AVAILABILITY = YES_AGGRESSIVE;
				CLANG_WARN_UNREACHABLE_CODE = YES;
				CLANG_WARN__DUPLICATE_METHOD_MATCH = YES;
				COPY_PHASE_STRIP = NO;
				DEBUG_INFORMATION_FORMAT = dwarf;
				ENABLE_STRICT_OBJC_MSGSEND = YES;
				ENABLE_TESTABILITY = YES;
				GCC_C_LANGUAGE_STANDARD = gnu11;
				GCC_DYNAMIC_NO_PIC = NO;
				GCC_NO_COMMON_BLOCKS = YES;
				GCC_OPTIMIZATION_LEVEL = 0;
				GCC_PREPROCESSOR_DEFINITIONS = (
					"DEBUG=1",
					"$(inherited)",
				);
				GCC_WARN_64_TO_32_BIT_CONVERSION = YES;
				GCC_WARN_ABOUT_RETURN_TYPE = YES_ERROR;
				GCC_WARN_UNDECLARED_SELECTOR = YES;
				GCC_WARN_UNINITIALIZED_AUTOS = YES_AGGRESSIVE;
				GCC_WARN_UNUSED_FUNCTION = YES;
				GCC_WARN_UNUSED_VARIABLE = YES;
				IPHONEOS_DEPLOYMENT_TARGET = 16.2;
				MTL_ENABLE_DEBUG_INFO = INCLUDE_SOURCE;
				MTL_FAST_MATH = YES;
				ONLY_ACTIVE_ARCH = YES;
				SDKROOT = iphoneos;
				SWIFT_ACTIVE_COMPILATION_CONDITIONS = DEBUG;
				SWIFT_OPTIMIZATION_LEVEL = "-Onone";
			};
			name = Debug;
		};
		C3C4035529FD18FB00ABED2D /* Release */ = {
			isa = XCBuildConfiguration;
			buildSettings = {
				ALWAYS_SEARCH_USER_PATHS = NO;
				CLANG_ANALYZER_NONNULL = YES;
				CLANG_ANALYZER_NUMBER_OBJECT_CONVERSION = YES_AGGRESSIVE;
				CLANG_CXX_LANGUAGE_STANDARD = "gnu++20";
				CLANG_ENABLE_MODULES = YES;
				CLANG_ENABLE_OBJC_ARC = YES;
				CLANG_ENABLE_OBJC_WEAK = YES;
				CLANG_WARN_BLOCK_CAPTURE_AUTORELEASING = YES;
				CLANG_WARN_BOOL_CONVERSION = YES;
				CLANG_WARN_COMMA = YES;
				CLANG_WARN_CONSTANT_CONVERSION = YES;
				CLANG_WARN_DEPRECATED_OBJC_IMPLEMENTATIONS = YES;
				CLANG_WARN_DIRECT_OBJC_ISA_USAGE = YES_ERROR;
				CLANG_WARN_DOCUMENTATION_COMMENTS = YES;
				CLANG_WARN_EMPTY_BODY = YES;
				CLANG_WARN_ENUM_CONVERSION = YES;
				CLANG_WARN_INFINITE_RECURSION = YES;
				CLANG_WARN_INT_CONVERSION = YES;
				CLANG_WARN_NON_LITERAL_NULL_CONVERSION = YES;
				CLANG_WARN_OBJC_IMPLICIT_RETAIN_SELF = YES;
				CLANG_WARN_OBJC_LITERAL_CONVERSION = YES;
				CLANG_WARN_OBJC_ROOT_CLASS = YES_ERROR;
				CLANG_WARN_QUOTED_INCLUDE_IN_FRAMEWORK_HEADER = YES;
				CLANG_WARN_RANGE_LOOP_ANALYSIS = YES;
				CLANG_WARN_STRICT_PROTOTYPES = YES;
				CLANG_WARN_SUSPICIOUS_MOVE = YES;
				CLANG_WARN_UNGUARDED_AVAILABILITY = YES_AGGRESSIVE;
				CLANG_WARN_UNREACHABLE_CODE = YES;
				CLANG_WARN__DUPLICATE_METHOD_MATCH = YES;
				COPY_PHASE_STRIP = NO;
				DEBUG_INFORMATION_FORMAT = "dwarf-with-dsym";
				ENABLE_NS_ASSERTIONS = NO;
				ENABLE_STRICT_OBJC_MSGSEND = YES;
				GCC_C_LANGUAGE_STANDARD = gnu11;
				GCC_NO_COMMON_BLOCKS = YES;
				GCC_WARN_64_TO_32_BIT_CONVERSION = YES;
				GCC_WARN_ABOUT_RETURN_TYPE = YES_ERROR;
				GCC_WARN_UNDECLARED_SELECTOR = YES;
				GCC_WARN_UNINITIALIZED_AUTOS = YES_AGGRESSIVE;
				GCC_WARN_UNUSED_FUNCTION = YES;
				GCC_WARN_UNUSED_VARIABLE = YES;
				IPHONEOS_DEPLOYMENT_TARGET = 16.2;
				MTL_ENABLE_DEBUG_INFO = NO;
				MTL_FAST_MATH = YES;
				SDKROOT = iphoneos;
				SWIFT_COMPILATION_MODE = wholemodule;
				SWIFT_OPTIMIZATION_LEVEL = "-O";
				VALIDATE_PRODUCT = YES;
			};
			name = Release;
		};
		C3C4035729FD18FB00ABED2D /* Debug */ = {
			isa = XCBuildConfiguration;
			buildSettings = {
				ASSETCATALOG_COMPILER_APPICON_NAME = AppIcon;
				ASSETCATALOG_COMPILER_GLOBAL_ACCENT_COLOR_NAME = AccentColor;
				CODE_SIGN_STYLE = Automatic;
				CURRENT_PROJECT_VERSION = 1;
				DEVELOPMENT_TEAM = JTVJ6L7R86;
				GENERATE_INFOPLIST_FILE = YES;
				INFOPLIST_FILE = "Draw App/Supporting Files/Info.plist";
				INFOPLIST_KEY_UIApplicationSupportsIndirectInputEvents = YES;
				INFOPLIST_KEY_UILaunchStoryboardName = LaunchScreen;
				INFOPLIST_KEY_UISupportedInterfaceOrientations_iPad = "UIInterfaceOrientationPortrait UIInterfaceOrientationPortraitUpsideDown UIInterfaceOrientationLandscapeLeft UIInterfaceOrientationLandscapeRight";
				INFOPLIST_KEY_UISupportedInterfaceOrientations_iPhone = "UIInterfaceOrientationPortrait UIInterfaceOrientationLandscapeLeft UIInterfaceOrientationLandscapeRight";
				LD_RUNPATH_SEARCH_PATHS = (
					"$(inherited)",
					"@executable_path/Frameworks",
				);
				MARKETING_VERSION = 1.0;
				PRODUCT_BUNDLE_IDENTIFIER = "net.fancy-tech.draw-app.Draw-App";
				PRODUCT_NAME = "$(TARGET_NAME)";
				SWIFT_EMIT_LOC_STRINGS = YES;
				SWIFT_OBJC_BRIDGING_HEADER = "$(SRCROOT)/Draw App/Supporting Files/DrawingApp-BridgingHeader.h";
				SWIFT_VERSION = 5.0;
				TARGETED_DEVICE_FAMILY = "1,2";
			};
			name = Debug;
		};
		C3C4035829FD18FB00ABED2D /* Release */ = {
			isa = XCBuildConfiguration;
			buildSettings = {
				ASSETCATALOG_COMPILER_APPICON_NAME = AppIcon;
				ASSETCATALOG_COMPILER_GLOBAL_ACCENT_COLOR_NAME = AccentColor;
				CODE_SIGN_STYLE = Automatic;
				CURRENT_PROJECT_VERSION = 1;
				DEVELOPMENT_TEAM = JTVJ6L7R86;
				GENERATE_INFOPLIST_FILE = YES;
				INFOPLIST_FILE = "Draw App/Supporting Files/Info.plist";
				INFOPLIST_KEY_UIApplicationSupportsIndirectInputEvents = YES;
				INFOPLIST_KEY_UILaunchStoryboardName = LaunchScreen;
				INFOPLIST_KEY_UISupportedInterfaceOrientations_iPad = "UIInterfaceOrientationPortrait UIInterfaceOrientationPortraitUpsideDown UIInterfaceOrientationLandscapeLeft UIInterfaceOrientationLandscapeRight";
				INFOPLIST_KEY_UISupportedInterfaceOrientations_iPhone = "UIInterfaceOrientationPortrait UIInterfaceOrientationLandscapeLeft UIInterfaceOrientationLandscapeRight";
				LD_RUNPATH_SEARCH_PATHS = (
					"$(inherited)",
					"@executable_path/Frameworks",
				);
				MARKETING_VERSION = 1.0;
				PRODUCT_BUNDLE_IDENTIFIER = "net.fancy-tech.draw-app.Draw-App";
				PRODUCT_NAME = "$(TARGET_NAME)";
				SWIFT_EMIT_LOC_STRINGS = YES;
				SWIFT_OBJC_BRIDGING_HEADER = "$(SRCROOT)/Draw App/Supporting Files/DrawingApp-BridgingHeader.h";
				SWIFT_VERSION = 5.0;
				TARGETED_DEVICE_FAMILY = "1,2";
			};
			name = Release;
		};
/* End XCBuildConfiguration section */

/* Begin XCConfigurationList section */
		C3C4033D29FD18FA00ABED2D /* Build configuration list for PBXProject "Draw App" */ = {
			isa = XCConfigurationList;
			buildConfigurations = (
				C3C4035429FD18FB00ABED2D /* Debug */,
				C3C4035529FD18FB00ABED2D /* Release */,
			);
			defaultConfigurationIsVisible = 0;
			defaultConfigurationName = Release;
		};
		C3C4035629FD18FB00ABED2D /* Build configuration list for PBXNativeTarget "Draw App" */ = {
			isa = XCConfigurationList;
			buildConfigurations = (
				C3C4035729FD18FB00ABED2D /* Debug */,
				C3C4035829FD18FB00ABED2D /* Release */,
			);
			defaultConfigurationIsVisible = 0;
			defaultConfigurationName = Release;
		};
/* End XCConfigurationList section */
	};
	rootObject = C3C4033A29FD18FA00ABED2D /* Project object */;
}
